// !$*UTF8*$!
{
	archiveVersion = 1;
	classes = {
	};
	objectVersion = 46;
	objects = {

/* Begin PBXBuildFile section */
		D31C97051D96FC3A004300E5 /* AppDelegate.swift in Sources */ = {isa = PBXBuildFile; fileRef = D31C97041D96FC3A004300E5 /* AppDelegate.swift */; };
		D31C97071D96FC3A004300E5 /* ViewController.swift in Sources */ = {isa = PBXBuildFile; fileRef = D31C97061D96FC3A004300E5 /* ViewController.swift */; };
		D31C970A1D96FC3A004300E5 /* Main.storyboard in Resources */ = {isa = PBXBuildFile; fileRef = D31C97081D96FC3A004300E5 /* Main.storyboard */; };
		D31C970C1D96FC3A004300E5 /* Assets.xcassets in Resources */ = {isa = PBXBuildFile; fileRef = D31C970B1D96FC3A004300E5 /* Assets.xcassets */; };
		D31C970F1D96FC3A004300E5 /* LaunchScreen.storyboard in Resources */ = {isa = PBXBuildFile; fileRef = D31C970D1D96FC3A004300E5 /* LaunchScreen.storyboard */; };
/* End PBXBuildFile section */

/* Begin PBXFileReference section */
		D31C97011D96FC3A004300E5 /* 40-MagicPill.app */ = {isa = PBXFileReference; explicitFileType = wrapper.application; includeInIndex = 0; path = "40-MagicPill.app"; sourceTree = BUILT_PRODUCTS_DIR; };
		D31C97041D96FC3A004300E5 /* AppDelegate.swift */ = {isa = PBXFileReference; lastKnownFileType = sourcecode.swift; path = AppDelegate.swift; sourceTree = "<group>"; };
		D31C97061D96FC3A004300E5 /* ViewController.swift */ = {isa = PBXFileReference; lastKnownFileType = sourcecode.swift; path = ViewController.swift; sourceTree = "<group>"; };
		D31C97091D96FC3A004300E5 /* Base */ = {isa = PBXFileReference; lastKnownFileType = file.storyboard; name = Base; path = Base.lproj/Main.storyboard; sourceTree = "<group>"; };
		D31C970B1D96FC3A004300E5 /* Assets.xcassets */ = {isa = PBXFileReference; lastKnownFileType = folder.assetcatalog; path = Assets.xcassets; sourceTree = "<group>"; };
		D31C970E1D96FC3A004300E5 /* Base */ = {isa = PBXFileReference; lastKnownFileType = file.storyboard; name = Base; path = Base.lproj/LaunchScreen.storyboard; sourceTree = "<group>"; };
		D31C97101D96FC3A004300E5 /* Info.plist */ = {isa = PBXFileReference; lastKnownFileType = text.plist.xml; path = Info.plist; sourceTree = "<group>"; };
/* End PBXFileReference section */

/* Begin PBXFrameworksBuildPhase section */
		D31C96FE1D96FC3A004300E5 /* Frameworks */ = {
			isa = PBXFrameworksBuildPhase;
			buildActionMask = 2147483647;
			files = (
			);
			runOnlyForDeploymentPostprocessing = 0;
		};
/* End PBXFrameworksBuildPhase section */

/* Begin PBXGroup section */
		D31C96F81D96FC3A004300E5 = {
			isa = PBXGroup;
			children = (
				D31C97031D96FC3A004300E5 /* 40-MagicPill */,
				D31C97021D96FC3A004300E5 /* Products */,
			);
			sourceTree = "<group>";
		};
		D31C97021D96FC3A004300E5 /* Products */ = {
			isa = PBXGroup;
			children = (
				D31C97011D96FC3A004300E5 /* 40-MagicPill.app */,
			);
			name = Products;
			sourceTree = "<group>";
		};
		D31C97031D96FC3A004300E5 /* 40-MagicPill */ = {
			isa = PBXGroup;
			children = (
				D31C97041D96FC3A004300E5 /* AppDelegate.swift */,
				D31C97061D96FC3A004300E5 /* ViewController.swift */,
				D31C97081D96FC3A004300E5 /* Main.storyboard */,
				D31C970B1D96FC3A004300E5 /* Assets.xcassets */,
				D31C970D1D96FC3A004300E5 /* LaunchScreen.storyboard */,
				D31C97101D96FC3A004300E5 /* Info.plist */,
			);
			path = "40-MagicPill";
			sourceTree = "<group>";
		};
/* End PBXGroup section */

/* Begin PBXNativeTarget section */
		D31C97001D96FC3A004300E5 /* 40-MagicPill */ = {
			isa = PBXNativeTarget;
			buildConfigurationList = D31C97131D96FC3A004300E5 /* Build configuration list for PBXNativeTarget "40-MagicPill" */;
			buildPhases = (
				D31C96FD1D96FC3A004300E5 /* Sources */,
				D31C96FE1D96FC3A004300E5 /* Frameworks */,
				D31C96FF1D96FC3A004300E5 /* Resources */,
			);
			buildRules = (
			);
			dependencies = (
			);
			name = "40-MagicPill";
			productName = "40-MagicPill";
			productReference = D31C97011D96FC3A004300E5 /* 40-MagicPill.app */;
			productType = "com.apple.product-type.application";
		};
/* End PBXNativeTarget section */

/* Begin PBXProject section */
		D31C96F91D96FC3A004300E5 /* Project object */ = {
			isa = PBXProject;
			attributes = {
				LastSwiftUpdateCheck = 0800;
				LastUpgradeCheck = 0800;
				ORGANIZATIONNAME = "Triskelion Studios";
				TargetAttributes = {
					D31C97001D96FC3A004300E5 = {
						CreatedOnToolsVersion = 8.0;
						DevelopmentTeam = 2NBRDJWWYJ;
						ProvisioningStyle = Automatic;
					};
				};
			};
			buildConfigurationList = D31C96FC1D96FC3A004300E5 /* Build configuration list for PBXProject "40-MagicPill" */;
			compatibilityVersion = "Xcode 3.2";
			developmentRegion = English;
			hasScannedForEncodings = 0;
			knownRegions = (
				en,
				Base,
			);
			mainGroup = D31C96F81D96FC3A004300E5;
			productRefGroup = D31C97021D96FC3A004300E5 /* Products */;
			projectDirPath = "";
			projectRoot = "";
			targets = (
				D31C97001D96FC3A004300E5 /* 40-MagicPill */,
			);
		};
/* End PBXProject section */

/* Begin PBXResourcesBuildPhase section */
		D31C96FF1D96FC3A004300E5 /* Resources */ = {
			isa = PBXResourcesBuildPhase;
			buildActionMask = 2147483647;
			files = (
				D31C970F1D96FC3A004300E5 /* LaunchScreen.storyboard in Resources */,
				D31C970C1D96FC3A004300E5 /* Assets.xcassets in Resources */,
				D31C970A1D96FC3A004300E5 /* Main.storyboard in Resources */,
			);
			runOnlyForDeploymentPostprocessing = 0;
		};
/* End PBXResourcesBuildPhase section */

/* Begin PBXSourcesBuildPhase section */
		D31C96FD1D96FC3A004300E5 /* Sources */ = {
			isa = PBXSourcesBuildPhase;
			buildActionMask = 2147483647;
			files = (
				D31C97071D96FC3A004300E5 /* ViewController.swift in Sources */,
				D31C97051D96FC3A004300E5 /* AppDelegate.swift in Sources */,
			);
			runOnlyForDeploymentPostprocessing = 0;
		};
/* End PBXSourcesBuildPhase section */

/* Begin PBXVariantGroup section */
		D31C97081D96FC3A004300E5 /* Main.storyboard */ = {
			isa = PBXVariantGroup;
			children = (
				D31C97091D96FC3A004300E5 /* Base */,
			);
			name = Main.storyboard;
			sourceTree = "<group>";
		};
		D31C970D1D96FC3A004300E5 /* LaunchScreen.storyboard */ = {
			isa = PBXVariantGroup;
			children = (
				D31C970E1D96FC3A004300E5 /* Base */,
			);
			name = LaunchScreen.storyboard;
			sourceTree = "<group>";
		};
/* End PBXVariantGroup section */

/* Begin XCBuildConfiguration section */
		D31C97111D96FC3A004300E5 /* Debug */ = {
			isa = XCBuildConfiguration;
			buildSettings = {
				ALWAYS_SEARCH_USER_PATHS = NO;
				CLANG_ANALYZER_NONNULL = YES;
				CLANG_CXX_LANGUAGE_STANDARD = "gnu++0x";
				CLANG_CXX_LIBRARY = "libc++";
				CLANG_ENABLE_MODULES = YES;
				CLANG_ENABLE_OBJC_ARC = YES;
				CLANG_WARN_BOOL_CONVERSION = YES;
				CLANG_WARN_CONSTANT_CONVERSION = YES;
				CLANG_WARN_DIRECT_OBJC_ISA_USAGE = YES_ERROR;
				CLANG_WARN_DOCUMENTATION_COMMENTS = YES;
				CLANG_WARN_EMPTY_BODY = YES;
				CLANG_WARN_ENUM_CONVERSION = YES;
				CLANG_WARN_INFINITE_RECURSION = YES;
				CLANG_WARN_INT_CONVERSION = YES;
				CLANG_WARN_OBJC_ROOT_CLASS = YES_ERROR;
				CLANG_WARN_SUSPICIOUS_MOVES = YES;
				CLANG_WARN_UNREACHABLE_CODE = YES;
				CLANG_WARN__DUPLICATE_METHOD_MATCH = YES;
				"CODE_SIGN_IDENTITY[sdk=iphoneos*]" = "iPhone Developer";
				COPY_PHASE_STRIP = NO;
				DEBUG_INFORMATION_FORMAT = dwarf;
				ENABLE_STRICT_OBJC_MSGSEND = YES;
				ENABLE_TESTABILITY = YES;
				GCC_C_LANGUAGE_STANDARD = gnu99;
				GCC_DYNAMIC_NO_PIC = NO;
				GCC_NO_COMMON_BLOCKS = YES;
				GCC_OPTIMIZATION_LEVEL = 0;
				GCC_PREPROCESSOR_DEFINITIONS = (
					"DEBUG=1",
					"$(inherited)",
				);
				GCC_WARN_64_TO_32_BIT_CONVERSION = YES;
				GCC_WARN_ABOUT_RETURN_TYPE = YES_ERROR;
				GCC_WARN_UNDECLARED_SELECTOR = YES;
				GCC_WARN_UNINITIALIZED_AUTOS = YES_AGGRESSIVE;
				GCC_WARN_UNUSED_FUNCTION = YES;
				GCC_WARN_UNUSED_VARIABLE = YES;
				IPHONEOS_DEPLOYMENT_TARGET = 10.0;
				MTL_ENABLE_DEBUG_INFO = YES;
				ONLY_ACTIVE_ARCH = YES;
				SDKROOT = iphoneos;
				SWIFT_ACTIVE_COMPILATION_CONDITIONS = DEBUG;
				SWIFT_OPTIMIZATION_LEVEL = "-Onone";
				TARGETED_DEVICE_FAMILY = "1,2";
			};
			name = Debug;
		};
		D31C97121D96FC3A004300E5 /* Release */ = {
			isa = XCBuildConfiguration;
			buildSettings = {
				ALWAYS_SEARCH_USER_PATHS = NO;
				CLANG_ANALYZER_NONNULL = YES;
				CLANG_CXX_LANGUAGE_STANDARD = "gnu++0x";
				CLANG_CXX_LIBRARY = "libc++";
				CLANG_ENABLE_MODULES = YES;
				CLANG_ENABLE_OBJC_ARC = YES;
				CLANG_WARN_BOOL_CONVERSION = YES;
				CLANG_WARN_CONSTANT_CONVERSION = YES;
				CLANG_WARN_DIRECT_OBJC_ISA_USAGE = YES_ERROR;
				CLANG_WARN_DOCUMENTATION_COMMENTS = YES;
				CLANG_WARN_EMPTY_BODY = YES;
				CLANG_WARN_ENUM_CONVERSION = YES;
				CLANG_WARN_INFINITE_RECURSION = YES;
				CLANG_WARN_INT_CONVERSION = YES;
				CLANG_WARN_OBJC_ROOT_CLASS = YES_ERROR;
				CLANG_WARN_SUSPICIOUS_MOVES = YES;
				CLANG_WARN_UNREACHABLE_CODE = YES;
				CLANG_WARN__DUPLICATE_METHOD_MATCH = YES;
				"CODE_SIGN_IDENTITY[sdk=iphoneos*]" = "iPhone Developer";
				COPY_PHASE_STRIP = NO;
				DEBUG_INFORMATION_FORMAT = "dwarf-with-dsym";
				ENABLE_NS_ASSERTIONS = NO;
				ENABLE_STRICT_OBJC_MSGSEND = YES;
				GCC_C_LANGUAGE_STANDARD = gnu99;
				GCC_NO_COMMON_BLOCKS = YES;
				GCC_WARN_64_TO_32_BIT_CONVERSION = YES;
				GCC_WARN_ABOUT_RETURN_TYPE = YES_ERROR;
				GCC_WARN_UNDECLARED_SELECTOR = YES;
				GCC_WARN_UNINITIALIZED_AUTOS = YES_AGGRESSIVE;
				GCC_WARN_UNUSED_FUNCTION = YES;
				GCC_WARN_UNUSED_VARIABLE = YES;
				IPHONEOS_DEPLOYMENT_TARGET = 10.0;
				MTL_ENABLE_DEBUG_INFO = NO;
				SDKROOT = iphoneos;
				SWIFT_OPTIMIZATION_LEVEL = "-Owholemodule";
				TARGETED_DEVICE_FAMILY = "1,2";
				VALIDATE_PRODUCT = YES;
			};
			name = Release;
		};
		D31C97141D96FC3A004300E5 /* Debug */ = {
			isa = XCBuildConfiguration;
			buildSettings = {
				ASSETCATALOG_COMPILER_APPICON_NAME = AppIcon;
				DEVELOPMENT_TEAM = 2NBRDJWWYJ;
				INFOPLIST_FILE = "40-MagicPill/Info.plist";
				LD_RUNPATH_SEARCH_PATHS = "$(inherited) @executable_path/Frameworks";
				PRODUCT_BUNDLE_IDENTIFIER = "com.TriskelionStudios.-0-MagicPill";
				PRODUCT_NAME = "$(TARGET_NAME)";
				SWIFT_VERSION = 3.0;
			};
			name = Debug;
		};
		D31C97151D96FC3A004300E5 /* Release */ = {
			isa = XCBuildConfiguration;
			buildSettings = {
				ASSETCATALOG_COMPILER_APPICON_NAME = AppIcon;
				DEVELOPMENT_TEAM = 2NBRDJWWYJ;
				INFOPLIST_FILE = "40-MagicPill/Info.plist";
				LD_RUNPATH_SEARCH_PATHS = "$(inherited) @executable_path/Frameworks";
				PRODUCT_BUNDLE_IDENTIFIER = "com.TriskelionStudios.-0-MagicPill";
				PRODUCT_NAME = "$(TARGET_NAME)";
				SWIFT_VERSION = 3.0;
			};
			name = Release;
		};
/* End XCBuildConfiguration section */

/* Begin XCConfigurationList section */
		D31C96FC1D96FC3A004300E5 /* Build configuration list for PBXProject "40-MagicPill" */ = {
			isa = XCConfigurationList;
			buildConfigurations = (
				D31C97111D96FC3A004300E5 /* Debug */,
				D31C97121D96FC3A004300E5 /* Release */,
			);
			defaultConfigurationIsVisible = 0;
			defaultConfigurationName = Release;
		};
		D31C97131D96FC3A004300E5 /* Build configuration list for PBXNativeTarget "40-MagicPill" */ = {
			isa = XCConfigurationList;
			buildConfigurations = (
				D31C97141D96FC3A004300E5 /* Debug */,
				D31C97151D96FC3A004300E5 /* Release */,
			);
			defaultConfigurationIsVisible = 0;
		};
/* End XCConfigurationList section */
	};
	rootObject = D31C96F91D96FC3A004300E5 /* Project object */;
}
